PODS:
  - DropDown (2.3.13)
  - SwiftCheckboxDialog (1.0.1)

DEPENDENCIES:
  - DropDown
  - SwiftCheckboxDialog

SPEC REPOS:
  trunk:
    - DropDown
    - SwiftCheckboxDialog

SPEC CHECKSUMS:
  DropDown: 8a2116376c1981888557f72ec2ffc9a5e0e456ec
  SwiftCheckboxDialog: edfabc33371022c5c6ab0527a04b4d0f84bbe034

PODFILE CHECKSUM: b546d8320db3159bad5d2ab270da08ef81304ea4

COCOAPODS: 1.14.0
