// !$*UTF8*$!
{
	archiveVersion = 1;
	classes = {
	};
	objectVersion = 55;
	objects = {

/* Begin PBXBuildFile section */
		34C0DAAA7F06A0607BAA8C46 /* Pods_LoginTests.framework in Frameworks */ = {isa = PBXBuildFile; fileRef = C1A6ED4E40D032A13BE99C75 /* Pods_LoginTests.framework */; };
		BCA2C62BE3E305B3F7998E67 /* Pods_MyFirebase.framework in Frameworks */ = {isa = PBXBuildFile; fileRef = E1B0B638E1165C3869E34E80 /* Pods_MyFirebase.framework */; };
		C107665927A309A7006FE78D /* Utilities.swift in Sources */ = {isa = PBXBuildFile; fileRef = C107665827A309A7006FE78D /* Utilities.swift */; };
		C10E315F278A0A700005E19C /* User.swift in Sources */ = {isa = PBXBuildFile; fileRef = C10E315E278A0A700005E19C /* User.swift */; };
		C10E3161278A0DF80005E19C /* UserInfo.swift in Sources */ = {isa = PBXBuildFile; fileRef = C10E3160278A0DF80005E19C /* UserInfo.swift */; };
		C10E3166278A3F690005E19C /* UserProfileViewController.swift in Sources */ = {isa = PBXBuildFile; fileRef = C10E3165278A3F690005E19C /* UserProfileViewController.swift */; };
		C10E3168278A3F910005E19C /* GoogleService-Info.plist in Resources */ = {isa = PBXBuildFile; fileRef = C10E3167278A3F910005E19C /* GoogleService-Info.plist */; };
		C115B8A12790479E006388DD /* AllUsersViewController.swift in Sources */ = {isa = PBXBuildFile; fileRef = C115B8A02790479E006388DD /* AllUsersViewController.swift */; };
		C115B8A4279050E6006388DD /* MemberTableViewCell.swift in Sources */ = {isa = PBXBuildFile; fileRef = C115B8A3279050E6006388DD /* MemberTableViewCell.swift */; };
		C11BE9DC278C856A00E11524 /* getDataManager.swift in Sources */ = {isa = PBXBuildFile; fileRef = C11BE9DB278C856A00E11524 /* getDataManager.swift */; };
		C13F8E4B279EF54100F1396B /* TabViewController.swift in Sources */ = {isa = PBXBuildFile; fileRef = C13F8E4A279EF54100F1396B /* TabViewController.swift */; };
		C143337D280D991E001A1DB2 /* LoginTests.swift in Sources */ = {isa = PBXBuildFile; fileRef = C143337C280D991E001A1DB2 /* LoginTests.swift */; };
		C143338628105B14001A1DB2 /* LoginOutlets.swift in Sources */ = {isa = PBXBuildFile; fileRef = C143338528105B14001A1DB2 /* LoginOutlets.swift */; };
		C147928E2799DD540030D2A7 /* MemberViewController.swift in Sources */ = {isa = PBXBuildFile; fileRef = C147928D2799DD540030D2A7 /* MemberViewController.swift */; };
		C15CAE1B278FA1220008C889 /* ForgotPasswordViewController.swift in Sources */ = {isa = PBXBuildFile; fileRef = C15CAE1A278FA1210008C889 /* ForgotPasswordViewController.swift */; };
		C16DFC6A2789DFAE00E7AAB5 /* AppDelegate.swift in Sources */ = {isa = PBXBuildFile; fileRef = C16DFC692789DFAE00E7AAB5 /* AppDelegate.swift */; };
		C16DFC6C2789DFAE00E7AAB5 /* SceneDelegate.swift in Sources */ = {isa = PBXBuildFile; fileRef = C16DFC6B2789DFAE00E7AAB5 /* SceneDelegate.swift */; };
		C16DFC6E2789DFAE00E7AAB5 /* LogInViewController.swift in Sources */ = {isa = PBXBuildFile; fileRef = C16DFC6D2789DFAE00E7AAB5 /* LogInViewController.swift */; };
		C16DFC732789DFAF00E7AAB5 /* Assets.xcassets in Resources */ = {isa = PBXBuildFile; fileRef = C16DFC722789DFAF00E7AAB5 /* Assets.xcassets */; };
		C16DFC762789DFAF00E7AAB5 /* LaunchScreen.storyboard in Resources */ = {isa = PBXBuildFile; fileRef = C16DFC742789DFAF00E7AAB5 /* LaunchScreen.storyboard */; };
		C16DFC7E2789EEED00E7AAB5 /* RegisterViewController.swift in Sources */ = {isa = PBXBuildFile; fileRef = C16DFC7D2789EEED00E7AAB5 /* RegisterViewController.swift */; };
		C16DFC7F2789F58400E7AAB5 /* Main.storyboard in Resources */ = {isa = PBXBuildFile; fileRef = C16DFC6F2789DFAE00E7AAB5 /* Main.storyboard */; };
		C17B54AB284E46CD007FC6A6 /* MainCoordinator.swift in Sources */ = {isa = PBXBuildFile; fileRef = C17B54AA284E46CD007FC6A6 /* MainCoordinator.swift */; };
		C17B54AD284E5CD8007FC6A6 /* Storyboarded.swift in Sources */ = {isa = PBXBuildFile; fileRef = C17B54AC284E5CD8007FC6A6 /* Storyboarded.swift */; };
		C17B54B328515587007FC6A6 /* TabCoordinator.swift in Sources */ = {isa = PBXBuildFile; fileRef = C17B54B228515587007FC6A6 /* TabCoordinator.swift */; };
		C17B54B52851576B007FC6A6 /* AdminMembersCoordinator.swift in Sources */ = {isa = PBXBuildFile; fileRef = C17B54B42851576B007FC6A6 /* AdminMembersCoordinator.swift */; };
		C17B54B72851578A007FC6A6 /* TrainingCoordinator.swift in Sources */ = {isa = PBXBuildFile; fileRef = C17B54B62851578A007FC6A6 /* TrainingCoordinator.swift */; };
		C17B54B9285258D2007FC6A6 /* UserCoordinator.swift in Sources */ = {isa = PBXBuildFile; fileRef = C17B54B8285258D2007FC6A6 /* UserCoordinator.swift */; };
		C17B54BB28525D9B007FC6A6 /* LoginCoordinator.swift in Sources */ = {isa = PBXBuildFile; fileRef = C17B54BA28525D9B007FC6A6 /* LoginCoordinator.swift */; };
		C17B54BD2853C0DE007FC6A6 /* Coordinator.swift in Sources */ = {isa = PBXBuildFile; fileRef = C17B54BC2853C0DE007FC6A6 /* Coordinator.swift */; };
		C17B54C3285B48F5007FC6A6 /* Router.swift in Sources */ = {isa = PBXBuildFile; fileRef = C17B54C2285B48F4007FC6A6 /* Router.swift */; };
		C18D20EA27959C8C00C93654 /* TagCollectionViewCell.swift in Sources */ = {isa = PBXBuildFile; fileRef = C18D20E927959C8C00C93654 /* TagCollectionViewCell.swift */; };
		C18D20EC27959CF700C93654 /* TagCollectionReusableView.swift in Sources */ = {isa = PBXBuildFile; fileRef = C18D20EB27959CF700C93654 /* TagCollectionReusableView.swift */; };
		C18D20EE27959FB900C93654 /* TagFlowLayout.swift in Sources */ = {isa = PBXBuildFile; fileRef = C18D20ED27959FB900C93654 /* TagFlowLayout.swift */; };
		C1A245FD2821638600BB6004 /* main.swift in Sources */ = {isa = PBXBuildFile; fileRef = C1A245FC2821638600BB6004 /* main.swift */; };
		C1A245FF2821651900BB6004 /* TestingAppDelegate.swift in Sources */ = {isa = PBXBuildFile; fileRef = C1A245FE2821651900BB6004 /* TestingAppDelegate.swift */; };
		C1A38DBA282153910037A1D5 /* UsersTests.swift in Sources */ = {isa = PBXBuildFile; fileRef = C1A38DB9282153910037A1D5 /* UsersTests.swift */; };
		C1D26172279E0ABC005BEB4F /* CustomCell.swift in Sources */ = {isa = PBXBuildFile; fileRef = C1D26171279E0ABC005BEB4F /* CustomCell.swift */; };
		C1D26174279E0AC4005BEB4F /* SubCustomCell.swift in Sources */ = {isa = PBXBuildFile; fileRef = C1D26173279E0AC4005BEB4F /* SubCustomCell.swift */; };
		C1D26176279E0ACD005BEB4F /* TrainingSections.swift in Sources */ = {isa = PBXBuildFile; fileRef = C1D26175279E0ACD005BEB4F /* TrainingSections.swift */; };
		C1D26178279E0AD8005BEB4F /* DialogViewController.swift in Sources */ = {isa = PBXBuildFile; fileRef = C1D26177279E0AD8005BEB4F /* DialogViewController.swift */; };
		C1D2617A279E0B99005BEB4F /* TrainingViewController.swift in Sources */ = {isa = PBXBuildFile; fileRef = C1D26179279E0B99005BEB4F /* TrainingViewController.swift */; };
		F8D8E369A8336D6986E6C21B /* Pods_UsersTests.framework in Frameworks */ = {isa = PBXBuildFile; fileRef = ED8103E3DB33547FD450FE42 /* Pods_UsersTests.framework */; };
/* End PBXBuildFile section */

/* Begin PBXContainerItemProxy section */
		C143337E280D991E001A1DB2 /* PBXContainerItemProxy */ = {
			isa = PBXContainerItemProxy;
			containerPortal = C16DFC5E2789DFAD00E7AAB5 /* Project object */;
			proxyType = 1;
			remoteGlobalIDString = C16DFC652789DFAD00E7AAB5;
			remoteInfo = MyFirebase;
		};
		C1A38DBB282153910037A1D5 /* PBXContainerItemProxy */ = {
			isa = PBXContainerItemProxy;
			containerPortal = C16DFC5E2789DFAD00E7AAB5 /* Project object */;
			proxyType = 1;
			remoteGlobalIDString = C16DFC652789DFAD00E7AAB5;
			remoteInfo = MyFirebase;
		};
/* End PBXContainerItemProxy section */

/* Begin PBXFileReference section */
		011A14F8AC11135A996BD765 /* Pods-UsersTests.debug.xcconfig */ = {isa = PBXFileReference; includeInIndex = 1; lastKnownFileType = text.xcconfig; name = "Pods-UsersTests.debug.xcconfig"; path = "Target Support Files/Pods-UsersTests/Pods-UsersTests.debug.xcconfig"; sourceTree = "<group>"; };
		1524817F5BAE8EF4DFA33317 /* Pods-UsersTests.release.xcconfig */ = {isa = PBXFileReference; includeInIndex = 1; lastKnownFileType = text.xcconfig; name = "Pods-UsersTests.release.xcconfig"; path = "Target Support Files/Pods-UsersTests/Pods-UsersTests.release.xcconfig"; sourceTree = "<group>"; };
		20FD61D266353A410313B749 /* Pods-MyFirebase.release.xcconfig */ = {isa = PBXFileReference; includeInIndex = 1; lastKnownFileType = text.xcconfig; name = "Pods-MyFirebase.release.xcconfig"; path = "Target Support Files/Pods-MyFirebase/Pods-MyFirebase.release.xcconfig"; sourceTree = "<group>"; };
		2286C0406F947D4467474065 /* Pods-LoginTests.release.xcconfig */ = {isa = PBXFileReference; includeInIndex = 1; lastKnownFileType = text.xcconfig; name = "Pods-LoginTests.release.xcconfig"; path = "Target Support Files/Pods-LoginTests/Pods-LoginTests.release.xcconfig"; sourceTree = "<group>"; };
		4F1BD5770F7C690FC6AD9FE5 /* Pods-MyFirebase.debug.xcconfig */ = {isa = PBXFileReference; includeInIndex = 1; lastKnownFileType = text.xcconfig; name = "Pods-MyFirebase.debug.xcconfig"; path = "Target Support Files/Pods-MyFirebase/Pods-MyFirebase.debug.xcconfig"; sourceTree = "<group>"; };
		99263C4C54B00F4620980FEC /* Pods-LoginTests.debug.xcconfig */ = {isa = PBXFileReference; includeInIndex = 1; lastKnownFileType = text.xcconfig; name = "Pods-LoginTests.debug.xcconfig"; path = "Target Support Files/Pods-LoginTests/Pods-LoginTests.debug.xcconfig"; sourceTree = "<group>"; };
		C107665827A309A7006FE78D /* Utilities.swift */ = {isa = PBXFileReference; fileEncoding = 4; lastKnownFileType = sourcecode.swift; path = Utilities.swift; sourceTree = "<group>"; };
		C10E315E278A0A700005E19C /* User.swift */ = {isa = PBXFileReference; lastKnownFileType = sourcecode.swift; path = User.swift; sourceTree = "<group>"; };
		C10E3160278A0DF80005E19C /* UserInfo.swift */ = {isa = PBXFileReference; lastKnownFileType = sourcecode.swift; path = UserInfo.swift; sourceTree = "<group>"; };
		C10E3165278A3F690005E19C /* UserProfileViewController.swift */ = {isa = PBXFileReference; lastKnownFileType = sourcecode.swift; path = UserProfileViewController.swift; sourceTree = "<group>"; };
		C10E3167278A3F910005E19C /* GoogleService-Info.plist */ = {isa = PBXFileReference; fileEncoding = 4; lastKnownFileType = text.plist.xml; path = "GoogleService-Info.plist"; sourceTree = "<group>"; };
		C115B8A02790479E006388DD /* AllUsersViewController.swift */ = {isa = PBXFileReference; lastKnownFileType = sourcecode.swift; path = AllUsersViewController.swift; sourceTree = "<group>"; };
		C115B8A3279050E6006388DD /* MemberTableViewCell.swift */ = {isa = PBXFileReference; lastKnownFileType = sourcecode.swift; path = MemberTableViewCell.swift; sourceTree = "<group>"; };
		C11BE9DB278C856A00E11524 /* getDataManager.swift */ = {isa = PBXFileReference; lastKnownFileType = sourcecode.swift; path = getDataManager.swift; sourceTree = "<group>"; };
		C13F8E4A279EF54100F1396B /* TabViewController.swift */ = {isa = PBXFileReference; lastKnownFileType = sourcecode.swift; path = TabViewController.swift; sourceTree = "<group>"; };
		C143337A280D991E001A1DB2 /* LoginTests.xctest */ = {isa = PBXFileReference; explicitFileType = wrapper.cfbundle; includeInIndex = 0; path = LoginTests.xctest; sourceTree = BUILT_PRODUCTS_DIR; };
		C143337C280D991E001A1DB2 /* LoginTests.swift */ = {isa = PBXFileReference; lastKnownFileType = sourcecode.swift; path = LoginTests.swift; sourceTree = "<group>"; };
		C143338528105B14001A1DB2 /* LoginOutlets.swift */ = {isa = PBXFileReference; lastKnownFileType = sourcecode.swift; path = LoginOutlets.swift; sourceTree = "<group>"; };
		C147928D2799DD540030D2A7 /* MemberViewController.swift */ = {isa = PBXFileReference; lastKnownFileType = sourcecode.swift; path = MemberViewController.swift; sourceTree = "<group>"; };
		C15CAE1A278FA1210008C889 /* ForgotPasswordViewController.swift */ = {isa = PBXFileReference; lastKnownFileType = sourcecode.swift; path = ForgotPasswordViewController.swift; sourceTree = "<group>"; };
		C16DFC662789DFAD00E7AAB5 /* MyFirebase.app */ = {isa = PBXFileReference; explicitFileType = wrapper.application; includeInIndex = 0; path = MyFirebase.app; sourceTree = BUILT_PRODUCTS_DIR; };
		C16DFC692789DFAE00E7AAB5 /* AppDelegate.swift */ = {isa = PBXFileReference; lastKnownFileType = sourcecode.swift; path = AppDelegate.swift; sourceTree = "<group>"; };
		C16DFC6B2789DFAE00E7AAB5 /* SceneDelegate.swift */ = {isa = PBXFileReference; lastKnownFileType = sourcecode.swift; path = SceneDelegate.swift; sourceTree = "<group>"; };
		C16DFC6D2789DFAE00E7AAB5 /* LogInViewController.swift */ = {isa = PBXFileReference; lastKnownFileType = sourcecode.swift; path = LogInViewController.swift; sourceTree = "<group>"; };
		C16DFC702789DFAE00E7AAB5 /* Base */ = {isa = PBXFileReference; lastKnownFileType = file.storyboard; name = Base; path = Base.lproj/Main.storyboard; sourceTree = "<group>"; };
		C16DFC722789DFAF00E7AAB5 /* Assets.xcassets */ = {isa = PBXFileReference; lastKnownFileType = folder.assetcatalog; path = Assets.xcassets; sourceTree = "<group>"; };
		C16DFC752789DFAF00E7AAB5 /* Base */ = {isa = PBXFileReference; lastKnownFileType = file.storyboard; name = Base; path = Base.lproj/LaunchScreen.storyboard; sourceTree = "<group>"; };
		C16DFC772789DFAF00E7AAB5 /* Info.plist */ = {isa = PBXFileReference; lastKnownFileType = text.plist.xml; path = Info.plist; sourceTree = "<group>"; };
		C16DFC7D2789EEED00E7AAB5 /* RegisterViewController.swift */ = {isa = PBXFileReference; lastKnownFileType = sourcecode.swift; path = RegisterViewController.swift; sourceTree = "<group>"; };
		C17B54AA284E46CD007FC6A6 /* MainCoordinator.swift */ = {isa = PBXFileReference; lastKnownFileType = sourcecode.swift; path = MainCoordinator.swift; sourceTree = "<group>"; };
		C17B54AC284E5CD8007FC6A6 /* Storyboarded.swift */ = {isa = PBXFileReference; lastKnownFileType = sourcecode.swift; path = Storyboarded.swift; sourceTree = "<group>"; };
		C17B54B228515587007FC6A6 /* TabCoordinator.swift */ = {isa = PBXFileReference; lastKnownFileType = sourcecode.swift; path = TabCoordinator.swift; sourceTree = "<group>"; };
		C17B54B42851576B007FC6A6 /* AdminMembersCoordinator.swift */ = {isa = PBXFileReference; lastKnownFileType = sourcecode.swift; path = AdminMembersCoordinator.swift; sourceTree = "<group>"; };
		C17B54B62851578A007FC6A6 /* TrainingCoordinator.swift */ = {isa = PBXFileReference; lastKnownFileType = sourcecode.swift; path = TrainingCoordinator.swift; sourceTree = "<group>"; };
		C17B54B8285258D2007FC6A6 /* UserCoordinator.swift */ = {isa = PBXFileReference; lastKnownFileType = sourcecode.swift; path = UserCoordinator.swift; sourceTree = "<group>"; };
		C17B54BA28525D9B007FC6A6 /* LoginCoordinator.swift */ = {isa = PBXFileReference; lastKnownFileType = sourcecode.swift; path = LoginCoordinator.swift; sourceTree = "<group>"; };
		C17B54BC2853C0DE007FC6A6 /* Coordinator.swift */ = {isa = PBXFileReference; lastKnownFileType = sourcecode.swift; path = Coordinator.swift; sourceTree = "<group>"; };
		C17B54C2285B48F4007FC6A6 /* Router.swift */ = {isa = PBXFileReference; fileEncoding = 4; lastKnownFileType = sourcecode.swift; path = Router.swift; sourceTree = "<group>"; };
		C18D20E927959C8C00C93654 /* TagCollectionViewCell.swift */ = {isa = PBXFileReference; lastKnownFileType = sourcecode.swift; path = TagCollectionViewCell.swift; sourceTree = "<group>"; };
		C18D20EB27959CF700C93654 /* TagCollectionReusableView.swift */ = {isa = PBXFileReference; lastKnownFileType = sourcecode.swift; path = TagCollectionReusableView.swift; sourceTree = "<group>"; };
		C18D20ED27959FB900C93654 /* TagFlowLayout.swift */ = {isa = PBXFileReference; lastKnownFileType = sourcecode.swift; path = TagFlowLayout.swift; sourceTree = "<group>"; };
		C1A245FC2821638600BB6004 /* main.swift */ = {isa = PBXFileReference; lastKnownFileType = sourcecode.swift; path = main.swift; sourceTree = "<group>"; };
		C1A245FE2821651900BB6004 /* TestingAppDelegate.swift */ = {isa = PBXFileReference; lastKnownFileType = sourcecode.swift; path = TestingAppDelegate.swift; sourceTree = "<group>"; };
		C1A38DB7282153910037A1D5 /* UsersTests.xctest */ = {isa = PBXFileReference; explicitFileType = wrapper.cfbundle; includeInIndex = 0; path = UsersTests.xctest; sourceTree = BUILT_PRODUCTS_DIR; };
		C1A38DB9282153910037A1D5 /* UsersTests.swift */ = {isa = PBXFileReference; lastKnownFileType = sourcecode.swift; path = UsersTests.swift; sourceTree = "<group>"; };
		C1A6ED4E40D032A13BE99C75 /* Pods_LoginTests.framework */ = {isa = PBXFileReference; explicitFileType = wrapper.framework; includeInIndex = 0; path = Pods_LoginTests.framework; sourceTree = BUILT_PRODUCTS_DIR; };
		C1D26171279E0ABC005BEB4F /* CustomCell.swift */ = {isa = PBXFileReference; fileEncoding = 4; lastKnownFileType = sourcecode.swift; path = CustomCell.swift; sourceTree = "<group>"; };
		C1D26173279E0AC4005BEB4F /* SubCustomCell.swift */ = {isa = PBXFileReference; fileEncoding = 4; lastKnownFileType = sourcecode.swift; path = SubCustomCell.swift; sourceTree = "<group>"; };
		C1D26175279E0ACD005BEB4F /* TrainingSections.swift */ = {isa = PBXFileReference; fileEncoding = 4; lastKnownFileType = sourcecode.swift; path = TrainingSections.swift; sourceTree = "<group>"; };
		C1D26177279E0AD8005BEB4F /* DialogViewController.swift */ = {isa = PBXFileReference; fileEncoding = 4; lastKnownFileType = sourcecode.swift; path = DialogViewController.swift; sourceTree = "<group>"; };
		C1D26179279E0B99005BEB4F /* TrainingViewController.swift */ = {isa = PBXFileReference; fileEncoding = 4; lastKnownFileType = sourcecode.swift; path = TrainingViewController.swift; sourceTree = "<group>"; };
		E1B0B638E1165C3869E34E80 /* Pods_MyFirebase.framework */ = {isa = PBXFileReference; explicitFileType = wrapper.framework; includeInIndex = 0; path = Pods_MyFirebase.framework; sourceTree = BUILT_PRODUCTS_DIR; };
		ED8103E3DB33547FD450FE42 /* Pods_UsersTests.framework */ = {isa = PBXFileReference; explicitFileType = wrapper.framework; includeInIndex = 0; path = Pods_UsersTests.framework; sourceTree = BUILT_PRODUCTS_DIR; };
/* End PBXFileReference section */

/* Begin PBXFrameworksBuildPhase section */
		C1433377280D991E001A1DB2 /* Frameworks */ = {
			isa = PBXFrameworksBuildPhase;
			buildActionMask = 2147483647;
			files = (
				34C0DAAA7F06A0607BAA8C46 /* Pods_LoginTests.framework in Frameworks */,
			);
			runOnlyForDeploymentPostprocessing = 0;
		};
		C16DFC632789DFAD00E7AAB5 /* Frameworks */ = {
			isa = PBXFrameworksBuildPhase;
			buildActionMask = 2147483647;
			files = (
				BCA2C62BE3E305B3F7998E67 /* Pods_MyFirebase.framework in Frameworks */,
			);
			runOnlyForDeploymentPostprocessing = 0;
		};
		C1A38DB4282153910037A1D5 /* Frameworks */ = {
			isa = PBXFrameworksBuildPhase;
			buildActionMask = 2147483647;
			files = (
				F8D8E369A8336D6986E6C21B /* Pods_UsersTests.framework in Frameworks */,
			);
			runOnlyForDeploymentPostprocessing = 0;
		};
/* End PBXFrameworksBuildPhase section */

/* Begin PBXGroup section */
		02C99C243F7E718FEFFDDC08 /* Frameworks */ = {
			isa = PBXGroup;
			children = (
				E1B0B638E1165C3869E34E80 /* Pods_MyFirebase.framework */,
				C1A6ED4E40D032A13BE99C75 /* Pods_LoginTests.framework */,
				ED8103E3DB33547FD450FE42 /* Pods_UsersTests.framework */,
			);
			name = Frameworks;
			sourceTree = "<group>";
		};
		C10E3162278A0E130005E19C /* Model */ = {
			isa = PBXGroup;
			children = (
				C10E3160278A0DF80005E19C /* UserInfo.swift */,
				C10E315E278A0A700005E19C /* User.swift */,
				C107665827A309A7006FE78D /* Utilities.swift */,
				C11BE9DB278C856A00E11524 /* getDataManager.swift */,
				C143338528105B14001A1DB2 /* LoginOutlets.swift */,
			);
			path = Model;
			sourceTree = "<group>";
		};
		C10E3164278A0E610005E19C /* Controllers */ = {
			isa = PBXGroup;
			children = (
				C16DFC6D2789DFAE00E7AAB5 /* LogInViewController.swift */,
				C16DFC7D2789EEED00E7AAB5 /* RegisterViewController.swift */,
				C10E3165278A3F690005E19C /* UserProfileViewController.swift */,
				C115B8A02790479E006388DD /* AllUsersViewController.swift */,
				C15CAE1A278FA1210008C889 /* ForgotPasswordViewController.swift */,
				C147928D2799DD540030D2A7 /* MemberViewController.swift */,
				C1D26179279E0B99005BEB4F /* TrainingViewController.swift */,
				C13F8E4A279EF54100F1396B /* TabViewController.swift */,
			);
			path = Controllers;
			sourceTree = "<group>";
		};
		C115B8A227905096006388DD /* ViewModel */ = {
			isa = PBXGroup;
			children = (
				C1D26170279E0A81005BEB4F /* TrainingViewCells */,
				C115B8A3279050E6006388DD /* MemberTableViewCell.swift */,
				C18D20E927959C8C00C93654 /* TagCollectionViewCell.swift */,
				C18D20EB27959CF700C93654 /* TagCollectionReusableView.swift */,
				C18D20ED27959FB900C93654 /* TagFlowLayout.swift */,
			);
			path = ViewModel;
			sourceTree = "<group>";
		};
		C143337B280D991E001A1DB2 /* LoginTests */ = {
			isa = PBXGroup;
			children = (
				C143337C280D991E001A1DB2 /* LoginTests.swift */,
			);
			path = LoginTests;
			sourceTree = "<group>";
		};
		C16DFC5D2789DFAD00E7AAB5 = {
			isa = PBXGroup;
			children = (
				C10E3167278A3F910005E19C /* GoogleService-Info.plist */,
				C17B54A9284E45B9007FC6A6 /* Coordinators */,
				C10E3164278A0E610005E19C /* Controllers */,
				C10E3162278A0E130005E19C /* Model */,
				C115B8A227905096006388DD /* ViewModel */,
				C17B54C1285B48F4007FC6A6 /* Router */,
				C16DFC682789DFAD00E7AAB5 /* MyFirebase */,
				C143337B280D991E001A1DB2 /* LoginTests */,
				C1A38DB8282153910037A1D5 /* UsersTests */,
				C16DFC672789DFAD00E7AAB5 /* Products */,
				E843A102EFD86805DC5D0F1E /* Pods */,
				02C99C243F7E718FEFFDDC08 /* Frameworks */,
			);
			sourceTree = "<group>";
		};
		C16DFC672789DFAD00E7AAB5 /* Products */ = {
			isa = PBXGroup;
			children = (
				C16DFC662789DFAD00E7AAB5 /* MyFirebase.app */,
				C143337A280D991E001A1DB2 /* LoginTests.xctest */,
				C1A38DB7282153910037A1D5 /* UsersTests.xctest */,
			);
			name = Products;
			sourceTree = "<group>";
		};
		C16DFC682789DFAD00E7AAB5 /* MyFirebase */ = {
			isa = PBXGroup;
			children = (
				C16DFC692789DFAE00E7AAB5 /* AppDelegate.swift */,
				C16DFC6B2789DFAE00E7AAB5 /* SceneDelegate.swift */,
				C16DFC6F2789DFAE00E7AAB5 /* Main.storyboard */,
				C16DFC722789DFAF00E7AAB5 /* Assets.xcassets */,
				C16DFC742789DFAF00E7AAB5 /* LaunchScreen.storyboard */,
				C16DFC772789DFAF00E7AAB5 /* Info.plist */,
				C1A245FC2821638600BB6004 /* main.swift */,
			);
			path = MyFirebase;
			sourceTree = "<group>";
		};
		C17B54A9284E45B9007FC6A6 /* Coordinators */ = {
			isa = PBXGroup;
			children = (
				C17B54AA284E46CD007FC6A6 /* MainCoordinator.swift */,
				C17B54AC284E5CD8007FC6A6 /* Storyboarded.swift */,
				C17B54B228515587007FC6A6 /* TabCoordinator.swift */,
				C17B54B42851576B007FC6A6 /* AdminMembersCoordinator.swift */,
				C17B54B62851578A007FC6A6 /* TrainingCoordinator.swift */,
				C17B54B8285258D2007FC6A6 /* UserCoordinator.swift */,
				C17B54BA28525D9B007FC6A6 /* LoginCoordinator.swift */,
				C17B54BC2853C0DE007FC6A6 /* Coordinator.swift */,
			);
			path = Coordinators;
			sourceTree = "<group>";
		};
		C17B54C1285B48F4007FC6A6 /* Router */ = {
			isa = PBXGroup;
			children = (
				C17B54C2285B48F4007FC6A6 /* Router.swift */,
			);
			path = Router;
			sourceTree = "<group>";
		};
		C1A38DB8282153910037A1D5 /* UsersTests */ = {
			isa = PBXGroup;
			children = (
				C1A38DB9282153910037A1D5 /* UsersTests.swift */,
				C1A245FE2821651900BB6004 /* TestingAppDelegate.swift */,
			);
			path = UsersTests;
			sourceTree = "<group>";
		};
		C1D26170279E0A81005BEB4F /* TrainingViewCells */ = {
			isa = PBXGroup;
			children = (
				C1D26177279E0AD8005BEB4F /* DialogViewController.swift */,
				C1D26175279E0ACD005BEB4F /* TrainingSections.swift */,
				C1D26173279E0AC4005BEB4F /* SubCustomCell.swift */,
				C1D26171279E0ABC005BEB4F /* CustomCell.swift */,
			);
			name = TrainingViewCells;
			sourceTree = "<group>";
		};
		E843A102EFD86805DC5D0F1E /* Pods */ = {
			isa = PBXGroup;
			children = (
				4F1BD5770F7C690FC6AD9FE5 /* Pods-MyFirebase.debug.xcconfig */,
				20FD61D266353A410313B749 /* Pods-MyFirebase.release.xcconfig */,
				99263C4C54B00F4620980FEC /* Pods-LoginTests.debug.xcconfig */,
				2286C0406F947D4467474065 /* Pods-LoginTests.release.xcconfig */,
				011A14F8AC11135A996BD765 /* Pods-UsersTests.debug.xcconfig */,
				1524817F5BAE8EF4DFA33317 /* Pods-UsersTests.release.xcconfig */,
			);
			path = Pods;
			sourceTree = "<group>";
		};
/* End PBXGroup section */

/* Begin PBXNativeTarget section */
		C1433379280D991E001A1DB2 /* LoginTests */ = {
			isa = PBXNativeTarget;
			buildConfigurationList = C1433380280D991E001A1DB2 /* Build configuration list for PBXNativeTarget "LoginTests" */;
			buildPhases = (
				523205F651B10D366AFBDDF4 /* [CP] Check Pods Manifest.lock */,
				C1433376280D991E001A1DB2 /* Sources */,
				C1433377280D991E001A1DB2 /* Frameworks */,
				C1433378280D991E001A1DB2 /* Resources */,
				F99CDBC5DA107A7028E5C2CC /* [CP] Embed Pods Frameworks */,
			);
			buildRules = (
			);
			dependencies = (
				C143337F280D991E001A1DB2 /* PBXTargetDependency */,
			);
			name = LoginTests;
			productName = LoginTests;
			productReference = C143337A280D991E001A1DB2 /* LoginTests.xctest */;
			productType = "com.apple.product-type.bundle.unit-test";
		};
		C16DFC652789DFAD00E7AAB5 /* MyFirebase */ = {
			isa = PBXNativeTarget;
			buildConfigurationList = C16DFC7A2789DFAF00E7AAB5 /* Build configuration list for PBXNativeTarget "MyFirebase" */;
			buildPhases = (
				CA1D85F02A39787B8FE5016D /* [CP] Check Pods Manifest.lock */,
				C16DFC622789DFAD00E7AAB5 /* Sources */,
				C16DFC632789DFAD00E7AAB5 /* Frameworks */,
				C16DFC642789DFAD00E7AAB5 /* Resources */,
				AC097879AB3F1CF3A9FC7E80 /* [CP] Embed Pods Frameworks */,
			);
			buildRules = (
			);
			dependencies = (
			);
			name = MyFirebase;
			productName = MyFirebase;
			productReference = C16DFC662789DFAD00E7AAB5 /* MyFirebase.app */;
			productType = "com.apple.product-type.application";
		};
		C1A38DB6282153910037A1D5 /* UsersTests */ = {
			isa = PBXNativeTarget;
			buildConfigurationList = C1A38DBF282153910037A1D5 /* Build configuration list for PBXNativeTarget "UsersTests" */;
			buildPhases = (
				C18A89E63FA0A4865C5AFFEC /* [CP] Check Pods Manifest.lock */,
				C1A38DB3282153910037A1D5 /* Sources */,
				C1A38DB4282153910037A1D5 /* Frameworks */,
				C1A38DB5282153910037A1D5 /* Resources */,
				A5061DBCDAE91E6D6FBFA6C5 /* [CP] Embed Pods Frameworks */,
			);
			buildRules = (
			);
			dependencies = (
				C1A38DBC282153910037A1D5 /* PBXTargetDependency */,
			);
			name = UsersTests;
			productName = UsersTests;
			productReference = C1A38DB7282153910037A1D5 /* UsersTests.xctest */;
			productType = "com.apple.product-type.bundle.unit-test";
		};
/* End PBXNativeTarget section */

/* Begin PBXProject section */
		C16DFC5E2789DFAD00E7AAB5 /* Project object */ = {
			isa = PBXProject;
			attributes = {
				BuildIndependentTargetsInParallel = 1;
				LastSwiftUpdateCheck = 1300;
				LastUpgradeCheck = 1300;
				TargetAttributes = {
					C1433379280D991E001A1DB2 = {
						CreatedOnToolsVersion = 13.0;
						TestTargetID = C16DFC652789DFAD00E7AAB5;
					};
					C16DFC652789DFAD00E7AAB5 = {
						CreatedOnToolsVersion = 13.0;
					};
					C1A38DB6282153910037A1D5 = {
						CreatedOnToolsVersion = 13.0;
						TestTargetID = C16DFC652789DFAD00E7AAB5;
					};
				};
			};
			buildConfigurationList = C16DFC612789DFAD00E7AAB5 /* Build configuration list for PBXProject "MyFirebase" */;
			compatibilityVersion = "Xcode 13.0";
			developmentRegion = en;
			hasScannedForEncodings = 0;
			knownRegions = (
				en,
				Base,
			);
			mainGroup = C16DFC5D2789DFAD00E7AAB5;
			productRefGroup = C16DFC672789DFAD00E7AAB5 /* Products */;
			projectDirPath = "";
			projectRoot = "";
			targets = (
				C16DFC652789DFAD00E7AAB5 /* MyFirebase */,
				C1433379280D991E001A1DB2 /* LoginTests */,
				C1A38DB6282153910037A1D5 /* UsersTests */,
			);
		};
/* End PBXProject section */

/* Begin PBXResourcesBuildPhase section */
		C1433378280D991E001A1DB2 /* Resources */ = {
			isa = PBXResourcesBuildPhase;
			buildActionMask = 2147483647;
			files = (
			);
			runOnlyForDeploymentPostprocessing = 0;
		};
		C16DFC642789DFAD00E7AAB5 /* Resources */ = {
			isa = PBXResourcesBuildPhase;
			buildActionMask = 2147483647;
			files = (
				C16DFC7F2789F58400E7AAB5 /* Main.storyboard in Resources */,
				C10E3168278A3F910005E19C /* GoogleService-Info.plist in Resources */,
				C16DFC762789DFAF00E7AAB5 /* LaunchScreen.storyboard in Resources */,
				C16DFC732789DFAF00E7AAB5 /* Assets.xcassets in Resources */,
			);
			runOnlyForDeploymentPostprocessing = 0;
		};
		C1A38DB5282153910037A1D5 /* Resources */ = {
			isa = PBXResourcesBuildPhase;
			buildActionMask = 2147483647;
			files = (
			);
			runOnlyForDeploymentPostprocessing = 0;
		};
/* End PBXResourcesBuildPhase section */

/* Begin PBXShellScriptBuildPhase section */
		523205F651B10D366AFBDDF4 /* [CP] Check Pods Manifest.lock */ = {
			isa = PBXShellScriptBuildPhase;
			buildActionMask = 2147483647;
			files = (
			);
			inputFileListPaths = (
			);
			inputPaths = (
				"${PODS_PODFILE_DIR_PATH}/Podfile.lock",
				"${PODS_ROOT}/Manifest.lock",
			);
			name = "[CP] Check Pods Manifest.lock";
			outputFileListPaths = (
			);
			outputPaths = (
				"$(DERIVED_FILE_DIR)/Pods-LoginTests-checkManifestLockResult.txt",
			);
			runOnlyForDeploymentPostprocessing = 0;
			shellPath = /bin/sh;
			shellScript = "diff \"${PODS_PODFILE_DIR_PATH}/Podfile.lock\" \"${PODS_ROOT}/Manifest.lock\" > /dev/null\nif [ $? != 0 ] ; then\n    # print error to STDERR\n    echo \"error: The sandbox is not in sync with the Podfile.lock. Run 'pod install' or update your CocoaPods installation.\" >&2\n    exit 1\nfi\n# This output is used by Xcode 'outputs' to avoid re-running this script phase.\necho \"SUCCESS\" > \"${SCRIPT_OUTPUT_FILE_0}\"\n";
			showEnvVarsInLog = 0;
		};
		A5061DBCDAE91E6D6FBFA6C5 /* [CP] Embed Pods Frameworks */ = {
			isa = PBXShellScriptBuildPhase;
			buildActionMask = 2147483647;
			files = (
			);
			inputFileListPaths = (
				"${PODS_ROOT}/Target Support Files/Pods-UsersTests/Pods-UsersTests-frameworks-${CONFIGURATION}-input-files.xcfilelist",
			);
			name = "[CP] Embed Pods Frameworks";
			outputFileListPaths = (
				"${PODS_ROOT}/Target Support Files/Pods-UsersTests/Pods-UsersTests-frameworks-${CONFIGURATION}-output-files.xcfilelist",
			);
			runOnlyForDeploymentPostprocessing = 0;
			shellPath = /bin/sh;
			shellScript = "\"${PODS_ROOT}/Target Support Files/Pods-UsersTests/Pods-UsersTests-frameworks.sh\"\n";
			showEnvVarsInLog = 0;
		};
		AC097879AB3F1CF3A9FC7E80 /* [CP] Embed Pods Frameworks */ = {
			isa = PBXShellScriptBuildPhase;
			buildActionMask = 2147483647;
			files = (
			);
			inputFileListPaths = (
				"${PODS_ROOT}/Target Support Files/Pods-MyFirebase/Pods-MyFirebase-frameworks-${CONFIGURATION}-input-files.xcfilelist",
			);
			name = "[CP] Embed Pods Frameworks";
			outputFileListPaths = (
				"${PODS_ROOT}/Target Support Files/Pods-MyFirebase/Pods-MyFirebase-frameworks-${CONFIGURATION}-output-files.xcfilelist",
			);
			runOnlyForDeploymentPostprocessing = 0;
			shellPath = /bin/sh;
			shellScript = "\"${PODS_ROOT}/Target Support Files/Pods-MyFirebase/Pods-MyFirebase-frameworks.sh\"\n";
			showEnvVarsInLog = 0;
		};
		C18A89E63FA0A4865C5AFFEC /* [CP] Check Pods Manifest.lock */ = {
			isa = PBXShellScriptBuildPhase;
			buildActionMask = 2147483647;
			files = (
			);
			inputFileListPaths = (
			);
			inputPaths = (
				"${PODS_PODFILE_DIR_PATH}/Podfile.lock",
				"${PODS_ROOT}/Manifest.lock",
			);
			name = "[CP] Check Pods Manifest.lock";
			outputFileListPaths = (
			);
			outputPaths = (
				"$(DERIVED_FILE_DIR)/Pods-UsersTests-checkManifestLockResult.txt",
			);
			runOnlyForDeploymentPostprocessing = 0;
			shellPath = /bin/sh;
			shellScript = "diff \"${PODS_PODFILE_DIR_PATH}/Podfile.lock\" \"${PODS_ROOT}/Manifest.lock\" > /dev/null\nif [ $? != 0 ] ; then\n    # print error to STDERR\n    echo \"error: The sandbox is not in sync with the Podfile.lock. Run 'pod install' or update your CocoaPods installation.\" >&2\n    exit 1\nfi\n# This output is used by Xcode 'outputs' to avoid re-running this script phase.\necho \"SUCCESS\" > \"${SCRIPT_OUTPUT_FILE_0}\"\n";
			showEnvVarsInLog = 0;
		};
		CA1D85F02A39787B8FE5016D /* [CP] Check Pods Manifest.lock */ = {
			isa = PBXShellScriptBuildPhase;
			buildActionMask = 2147483647;
			files = (
			);
			inputFileListPaths = (
			);
			inputPaths = (
				"${PODS_PODFILE_DIR_PATH}/Podfile.lock",
				"${PODS_ROOT}/Manifest.lock",
			);
			name = "[CP] Check Pods Manifest.lock";
			outputFileListPaths = (
			);
			outputPaths = (
				"$(DERIVED_FILE_DIR)/Pods-MyFirebase-checkManifestLockResult.txt",
			);
			runOnlyForDeploymentPostprocessing = 0;
			shellPath = /bin/sh;
			shellScript = "diff \"${PODS_PODFILE_DIR_PATH}/Podfile.lock\" \"${PODS_ROOT}/Manifest.lock\" > /dev/null\nif [ $? != 0 ] ; then\n    # print error to STDERR\n    echo \"error: The sandbox is not in sync with the Podfile.lock. Run 'pod install' or update your CocoaPods installation.\" >&2\n    exit 1\nfi\n# This output is used by Xcode 'outputs' to avoid re-running this script phase.\necho \"SUCCESS\" > \"${SCRIPT_OUTPUT_FILE_0}\"\n";
			showEnvVarsInLog = 0;
		};
		F99CDBC5DA107A7028E5C2CC /* [CP] Embed Pods Frameworks */ = {
			isa = PBXShellScriptBuildPhase;
			buildActionMask = 2147483647;
			files = (
			);
			inputFileListPaths = (
				"${PODS_ROOT}/Target Support Files/Pods-LoginTests/Pods-LoginTests-frameworks-${CONFIGURATION}-input-files.xcfilelist",
			);
			name = "[CP] Embed Pods Frameworks";
			outputFileListPaths = (
				"${PODS_ROOT}/Target Support Files/Pods-LoginTests/Pods-LoginTests-frameworks-${CONFIGURATION}-output-files.xcfilelist",
			);
			runOnlyForDeploymentPostprocessing = 0;
			shellPath = /bin/sh;
			shellScript = "\"${PODS_ROOT}/Target Support Files/Pods-LoginTests/Pods-LoginTests-frameworks.sh\"\n";
			showEnvVarsInLog = 0;
		};
/* End PBXShellScriptBuildPhase section */

/* Begin PBXSourcesBuildPhase section */
		C1433376280D991E001A1DB2 /* Sources */ = {
			isa = PBXSourcesBuildPhase;
			buildActionMask = 2147483647;
			files = (
				C143337D280D991E001A1DB2 /* LoginTests.swift in Sources */,
			);
			runOnlyForDeploymentPostprocessing = 0;
		};
		C16DFC622789DFAD00E7AAB5 /* Sources */ = {
			isa = PBXSourcesBuildPhase;
			buildActionMask = 2147483647;
			files = (
				C11BE9DC278C856A00E11524 /* getDataManager.swift in Sources */,
				C18D20EC27959CF700C93654 /* TagCollectionReusableView.swift in Sources */,
				C1A245FD2821638600BB6004 /* main.swift in Sources */,
				C107665927A309A7006FE78D /* Utilities.swift in Sources */,
				C16DFC6E2789DFAE00E7AAB5 /* LogInViewController.swift in Sources */,
				C17B54AD284E5CD8007FC6A6 /* Storyboarded.swift in Sources */,
				C147928E2799DD540030D2A7 /* MemberViewController.swift in Sources */,
				C16DFC6A2789DFAE00E7AAB5 /* AppDelegate.swift in Sources */,
				C1D26174279E0AC4005BEB4F /* SubCustomCell.swift in Sources */,
				C17B54B9285258D2007FC6A6 /* UserCoordinator.swift in Sources */,
				C1D26178279E0AD8005BEB4F /* DialogViewController.swift in Sources */,
				C10E3166278A3F690005E19C /* UserProfileViewController.swift in Sources */,
				C143338628105B14001A1DB2 /* LoginOutlets.swift in Sources */,
				C1D26172279E0ABC005BEB4F /* CustomCell.swift in Sources */,
				C16DFC6C2789DFAE00E7AAB5 /* SceneDelegate.swift in Sources */,
				C17B54BB28525D9B007FC6A6 /* LoginCoordinator.swift in Sources */,
				C17B54BD2853C0DE007FC6A6 /* Coordinator.swift in Sources */,
				C17B54B52851576B007FC6A6 /* AdminMembersCoordinator.swift in Sources */,
				C17B54AB284E46CD007FC6A6 /* MainCoordinator.swift in Sources */,
				C1D2617A279E0B99005BEB4F /* TrainingViewController.swift in Sources */,
				C1D26176279E0ACD005BEB4F /* TrainingSections.swift in Sources */,
				C13F8E4B279EF54100F1396B /* TabViewController.swift in Sources */,
				C17B54C3285B48F5007FC6A6 /* Router.swift in Sources */,
				C115B8A12790479E006388DD /* AllUsersViewController.swift in Sources */,
				C15CAE1B278FA1220008C889 /* ForgotPasswordViewController.swift in Sources */,
				C10E315F278A0A700005E19C /* User.swift in Sources */,
				C17B54B72851578A007FC6A6 /* TrainingCoordinator.swift in Sources */,
				C17B54B328515587007FC6A6 /* TabCoordinator.swift in Sources */,
				C115B8A4279050E6006388DD /* MemberTableViewCell.swift in Sources */,
				C18D20EE27959FB900C93654 /* TagFlowLayout.swift in Sources */,
				C18D20EA27959C8C00C93654 /* TagCollectionViewCell.swift in Sources */,
				C10E3161278A0DF80005E19C /* UserInfo.swift in Sources */,
				C16DFC7E2789EEED00E7AAB5 /* RegisterViewController.swift in Sources */,
			);
			runOnlyForDeploymentPostprocessing = 0;
		};
		C1A38DB3282153910037A1D5 /* Sources */ = {
			isa = PBXSourcesBuildPhase;
			buildActionMask = 2147483647;
			files = (
				C1A38DBA282153910037A1D5 /* UsersTests.swift in Sources */,
				C1A245FF2821651900BB6004 /* TestingAppDelegate.swift in Sources */,
			);
			runOnlyForDeploymentPostprocessing = 0;
		};
/* End PBXSourcesBuildPhase section */

/* Begin PBXTargetDependency section */
		C143337F280D991E001A1DB2 /* PBXTargetDependency */ = {
			isa = PBXTargetDependency;
			target = C16DFC652789DFAD00E7AAB5 /* MyFirebase */;
			targetProxy = C143337E280D991E001A1DB2 /* PBXContainerItemProxy */;
		};
		C1A38DBC282153910037A1D5 /* PBXTargetDependency */ = {
			isa = PBXTargetDependency;
			target = C16DFC652789DFAD00E7AAB5 /* MyFirebase */;
			targetProxy = C1A38DBB282153910037A1D5 /* PBXContainerItemProxy */;
		};
/* End PBXTargetDependency section */

/* Begin PBXVariantGroup section */
		C16DFC6F2789DFAE00E7AAB5 /* Main.storyboard */ = {
			isa = PBXVariantGroup;
			children = (
				C16DFC702789DFAE00E7AAB5 /* Base */,
			);
			name = Main.storyboard;
			sourceTree = "<group>";
		};
		C16DFC742789DFAF00E7AAB5 /* LaunchScreen.storyboard */ = {
			isa = PBXVariantGroup;
			children = (
				C16DFC752789DFAF00E7AAB5 /* Base */,
			);
			name = LaunchScreen.storyboard;
			sourceTree = "<group>";
		};
/* End PBXVariantGroup section */

/* Begin XCBuildConfiguration section */
		C1433381280D991E001A1DB2 /* Debug */ = {
			isa = XCBuildConfiguration;
			baseConfigurationReference = 99263C4C54B00F4620980FEC /* Pods-LoginTests.debug.xcconfig */;
			buildSettings = {
				BUNDLE_LOADER = "$(TEST_HOST)";
				CODE_SIGN_STYLE = Automatic;
				CURRENT_PROJECT_VERSION = 1;
				DEVELOPMENT_TEAM = 6Y4YSK5BF4;
				GENERATE_INFOPLIST_FILE = YES;
				HEADER_SEARCH_PATHS = (
					"$(inherited)",
					"\"${PODS_CONFIGURATION_BUILD_DIR}/SnapshotTesting/SnapshotTesting.framework/Headers\"",
					"\"${PODS_ROOT}/Firebase/CoreOnly/Sources\"",
				);
				LD_RUNPATH_SEARCH_PATHS = (
					"$(inherited)",
					"@executable_path/Frameworks",
					"@loader_path/Frameworks",
				);
				MARKETING_VERSION = 1.0;
				PRODUCT_BUNDLE_IDENTIFIER = com.nikolaAndrijasevic.LoginTests;
				PRODUCT_NAME = "$(TARGET_NAME)";
				SWIFT_EMIT_LOC_STRINGS = NO;
				SWIFT_VERSION = 5.0;
				TARGETED_DEVICE_FAMILY = "1,2";
				TEST_HOST = "$(BUILT_PRODUCTS_DIR)/MyFirebase.app/MyFirebase";
			};
			name = Debug;
		};
		C1433382280D991E001A1DB2 /* Release */ = {
			isa = XCBuildConfiguration;
			baseConfigurationReference = 2286C0406F947D4467474065 /* Pods-LoginTests.release.xcconfig */;
			buildSettings = {
				BUNDLE_LOADER = "$(TEST_HOST)";
				CODE_SIGN_STYLE = Automatic;
				CURRENT_PROJECT_VERSION = 1;
				DEVELOPMENT_TEAM = 6Y4YSK5BF4;
				GENERATE_INFOPLIST_FILE = YES;
				HEADER_SEARCH_PATHS = (
					"$(inherited)",
					"\"${PODS_CONFIGURATION_BUILD_DIR}/SnapshotTesting/SnapshotTesting.framework/Headers\"",
					"\"${PODS_ROOT}/Firebase/CoreOnly/Sources\"",
				);
				LD_RUNPATH_SEARCH_PATHS = (
					"$(inherited)",
					"@executable_path/Frameworks",
					"@loader_path/Frameworks",
				);
				MARKETING_VERSION = 1.0;
				PRODUCT_BUNDLE_IDENTIFIER = com.nikolaAndrijasevic.LoginTests;
				PRODUCT_NAME = "$(TARGET_NAME)";
				SWIFT_EMIT_LOC_STRINGS = NO;
				SWIFT_VERSION = 5.0;
				TARGETED_DEVICE_FAMILY = "1,2";
				TEST_HOST = "$(BUILT_PRODUCTS_DIR)/MyFirebase.app/MyFirebase";
			};
			name = Release;
		};
		C16DFC782789DFAF00E7AAB5 /* Debug */ = {
			isa = XCBuildConfiguration;
			buildSettings = {
				ALWAYS_SEARCH_USER_PATHS = NO;
				CLANG_ANALYZER_NONNULL = YES;
				CLANG_ANALYZER_NUMBER_OBJECT_CONVERSION = YES_AGGRESSIVE;
				CLANG_CXX_LANGUAGE_STANDARD = "gnu++17";
				CLANG_CXX_LIBRARY = "libc++";
				CLANG_ENABLE_MODULES = YES;
				CLANG_ENABLE_OBJC_ARC = YES;
				CLANG_ENABLE_OBJC_WEAK = YES;
				CLANG_WARN_BLOCK_CAPTURE_AUTORELEASING = YES;
				CLANG_WARN_BOOL_CONVERSION = YES;
				CLANG_WARN_COMMA = YES;
				CLANG_WARN_CONSTANT_CONVERSION = YES;
				CLANG_WARN_DEPRECATED_OBJC_IMPLEMENTATIONS = YES;
				CLANG_WARN_DIRECT_OBJC_ISA_USAGE = YES_ERROR;
				CLANG_WARN_DOCUMENTATION_COMMENTS = YES;
				CLANG_WARN_EMPTY_BODY = YES;
				CLANG_WARN_ENUM_CONVERSION = YES;
				CLANG_WARN_INFINITE_RECURSION = YES;
				CLANG_WARN_INT_CONVERSION = YES;
				CLANG_WARN_NON_LITERAL_NULL_CONVERSION = YES;
				CLANG_WARN_OBJC_IMPLICIT_RETAIN_SELF = YES;
				CLANG_WARN_OBJC_LITERAL_CONVERSION = YES;
				CLANG_WARN_OBJC_ROOT_CLASS = YES_ERROR;
				CLANG_WARN_QUOTED_INCLUDE_IN_FRAMEWORK_HEADER = YES;
				CLANG_WARN_RANGE_LOOP_ANALYSIS = YES;
				CLANG_WARN_STRICT_PROTOTYPES = YES;
				CLANG_WARN_SUSPICIOUS_MOVE = YES;
				CLANG_WARN_UNGUARDED_AVAILABILITY = YES_AGGRESSIVE;
				CLANG_WARN_UNREACHABLE_CODE = YES;
				CLANG_WARN__DUPLICATE_METHOD_MATCH = YES;
				COPY_PHASE_STRIP = NO;
				DEBUG_INFORMATION_FORMAT = dwarf;
				ENABLE_STRICT_OBJC_MSGSEND = YES;
				ENABLE_TESTABILITY = YES;
				GCC_C_LANGUAGE_STANDARD = gnu11;
				GCC_DYNAMIC_NO_PIC = NO;
				GCC_NO_COMMON_BLOCKS = YES;
				GCC_OPTIMIZATION_LEVEL = 0;
				GCC_PREPROCESSOR_DEFINITIONS = (
					"DEBUG=1",
					"$(inherited)",
				);
				GCC_WARN_64_TO_32_BIT_CONVERSION = YES;
				GCC_WARN_ABOUT_RETURN_TYPE = YES_ERROR;
				GCC_WARN_UNDECLARED_SELECTOR = YES;
				GCC_WARN_UNINITIALIZED_AUTOS = YES_AGGRESSIVE;
				GCC_WARN_UNUSED_FUNCTION = YES;
				GCC_WARN_UNUSED_VARIABLE = YES;
				IPHONEOS_DEPLOYMENT_TARGET = 15.0;
				MTL_ENABLE_DEBUG_INFO = INCLUDE_SOURCE;
				MTL_FAST_MATH = YES;
				ONLY_ACTIVE_ARCH = YES;
				SDKROOT = iphoneos;
				SWIFT_ACTIVE_COMPILATION_CONDITIONS = DEBUG;
				SWIFT_OPTIMIZATION_LEVEL = "-Onone";
			};
			name = Debug;
		};
		C16DFC792789DFAF00E7AAB5 /* Release */ = {
			isa = XCBuildConfiguration;
			buildSettings = {
				ALWAYS_SEARCH_USER_PATHS = NO;
				CLANG_ANALYZER_NONNULL = YES;
				CLANG_ANALYZER_NUMBER_OBJECT_CONVERSION = YES_AGGRESSIVE;
				CLANG_CXX_LANGUAGE_STANDARD = "gnu++17";
				CLANG_CXX_LIBRARY = "libc++";
				CLANG_ENABLE_MODULES = YES;
				CLANG_ENABLE_OBJC_ARC = YES;
				CLANG_ENABLE_OBJC_WEAK = YES;
				CLANG_WARN_BLOCK_CAPTURE_AUTORELEASING = YES;
				CLANG_WARN_BOOL_CONVERSION = YES;
				CLANG_WARN_COMMA = YES;
				CLANG_WARN_CONSTANT_CONVERSION = YES;
				CLANG_WARN_DEPRECATED_OBJC_IMPLEMENTATIONS = YES;
				CLANG_WARN_DIRECT_OBJC_ISA_USAGE = YES_ERROR;
				CLANG_WARN_DOCUMENTATION_COMMENTS = YES;
				CLANG_WARN_EMPTY_BODY = YES;
				CLANG_WARN_ENUM_CONVERSION = YES;
				CLANG_WARN_INFINITE_RECURSION = YES;
				CLANG_WARN_INT_CONVERSION = YES;
				CLANG_WARN_NON_LITERAL_NULL_CONVERSION = YES;
				CLANG_WARN_OBJC_IMPLICIT_RETAIN_SELF = YES;
				CLANG_WARN_OBJC_LITERAL_CONVERSION = YES;
				CLANG_WARN_OBJC_ROOT_CLASS = YES_ERROR;
				CLANG_WARN_QUOTED_INCLUDE_IN_FRAMEWORK_HEADER = YES;
				CLANG_WARN_RANGE_LOOP_ANALYSIS = YES;
				CLANG_WARN_STRICT_PROTOTYPES = YES;
				CLANG_WARN_SUSPICIOUS_MOVE = YES;
				CLANG_WARN_UNGUARDED_AVAILABILITY = YES_AGGRESSIVE;
				CLANG_WARN_UNREACHABLE_CODE = YES;
				CLANG_WARN__DUPLICATE_METHOD_MATCH = YES;
				COPY_PHASE_STRIP = NO;
				DEBUG_INFORMATION_FORMAT = "dwarf-with-dsym";
				ENABLE_NS_ASSERTIONS = NO;
				ENABLE_STRICT_OBJC_MSGSEND = YES;
				GCC_C_LANGUAGE_STANDARD = gnu11;
				GCC_NO_COMMON_BLOCKS = YES;
				GCC_WARN_64_TO_32_BIT_CONVERSION = YES;
				GCC_WARN_ABOUT_RETURN_TYPE = YES_ERROR;
				GCC_WARN_UNDECLARED_SELECTOR = YES;
				GCC_WARN_UNINITIALIZED_AUTOS = YES_AGGRESSIVE;
				GCC_WARN_UNUSED_FUNCTION = YES;
				GCC_WARN_UNUSED_VARIABLE = YES;
				IPHONEOS_DEPLOYMENT_TARGET = 15.0;
				MTL_ENABLE_DEBUG_INFO = NO;
				MTL_FAST_MATH = YES;
				SDKROOT = iphoneos;
				SWIFT_COMPILATION_MODE = wholemodule;
				SWIFT_OPTIMIZATION_LEVEL = "-O";
				VALIDATE_PRODUCT = YES;
			};
			name = Release;
		};
		C16DFC7B2789DFAF00E7AAB5 /* Debug */ = {
			isa = XCBuildConfiguration;
			baseConfigurationReference = 4F1BD5770F7C690FC6AD9FE5 /* Pods-MyFirebase.debug.xcconfig */;
			buildSettings = {
				ASSETCATALOG_COMPILER_APPICON_NAME = AppIcon;
				ASSETCATALOG_COMPILER_GLOBAL_ACCENT_COLOR_NAME = AccentColor;
				CODE_SIGN_STYLE = Automatic;
				CURRENT_PROJECT_VERSION = 1;
				DEVELOPMENT_TEAM = 6Y4YSK5BF4;
				GENERATE_INFOPLIST_FILE = YES;
				INFOPLIST_FILE = MyFirebase/Info.plist;
				INFOPLIST_KEY_NSCameraUsageDescription = "Allow app to use camera";
				INFOPLIST_KEY_NSMainNibFile = Main;
				INFOPLIST_KEY_NSPhotoLibraryUsageDescription = "Allow app to upload photos";
				INFOPLIST_KEY_UIApplicationSupportsIndirectInputEvents = YES;
				INFOPLIST_KEY_UILaunchStoryboardName = LaunchScreen;
				INFOPLIST_KEY_UISupportedInterfaceOrientations = UIInterfaceOrientationPortrait;
				INFOPLIST_KEY_UISupportedInterfaceOrientations_iPad = "UIInterfaceOrientationPortrait UIInterfaceOrientationPortraitUpsideDown UIInterfaceOrientationLandscapeLeft UIInterfaceOrientationLandscapeRight";
				INFOPLIST_KEY_UISupportedInterfaceOrientations_iPhone = "UIInterfaceOrientationPortrait UIInterfaceOrientationLandscapeLeft UIInterfaceOrientationLandscapeRight";
				IPHONEOS_DEPLOYMENT_TARGET = 13.3;
				LD_RUNPATH_SEARCH_PATHS = (
					"$(inherited)",
					"@executable_path/Frameworks",
				);
				MARKETING_VERSION = 1.0;
				PRODUCT_BUNDLE_IDENTIFIER = Dzondzula.MyFirebase;
				PRODUCT_NAME = "$(TARGET_NAME)";
				SWIFT_EMIT_LOC_STRINGS = YES;
				SWIFT_VERSION = 5.0;
				TARGETED_DEVICE_FAMILY = "1,2";
			};
			name = Debug;
		};
		C16DFC7C2789DFAF00E7AAB5 /* Release */ = {
			isa = XCBuildConfiguration;
			baseConfigurationReference = 20FD61D266353A410313B749 /* Pods-MyFirebase.release.xcconfig */;
			buildSettings = {
				ASSETCATALOG_COMPILER_APPICON_NAME = AppIcon;
				ASSETCATALOG_COMPILER_GLOBAL_ACCENT_COLOR_NAME = AccentColor;
				CODE_SIGN_STYLE = Automatic;
				CURRENT_PROJECT_VERSION = 1;
				DEVELOPMENT_TEAM = 6Y4YSK5BF4;
				GENERATE_INFOPLIST_FILE = YES;
				INFOPLIST_FILE = MyFirebase/Info.plist;
				INFOPLIST_KEY_NSCameraUsageDescription = "Allow app to use camera";
				INFOPLIST_KEY_NSMainNibFile = Main;
				INFOPLIST_KEY_NSPhotoLibraryUsageDescription = "Allow app to upload photos";
				INFOPLIST_KEY_UIApplicationSupportsIndirectInputEvents = YES;
				INFOPLIST_KEY_UILaunchStoryboardName = LaunchScreen;
				INFOPLIST_KEY_UISupportedInterfaceOrientations = UIInterfaceOrientationPortrait;
				INFOPLIST_KEY_UISupportedInterfaceOrientations_iPad = "UIInterfaceOrientationPortrait UIInterfaceOrientationPortraitUpsideDown UIInterfaceOrientationLandscapeLeft UIInterfaceOrientationLandscapeRight";
				INFOPLIST_KEY_UISupportedInterfaceOrientations_iPhone = "UIInterfaceOrientationPortrait UIInterfaceOrientationLandscapeLeft UIInterfaceOrientationLandscapeRight";
				IPHONEOS_DEPLOYMENT_TARGET = 13.3;
				LD_RUNPATH_SEARCH_PATHS = (
					"$(inherited)",
					"@executable_path/Frameworks",
				);
				MARKETING_VERSION = 1.0;
				PRODUCT_BUNDLE_IDENTIFIER = Dzondzula.MyFirebase;
				PRODUCT_NAME = "$(TARGET_NAME)";
				SWIFT_EMIT_LOC_STRINGS = YES;
				SWIFT_VERSION = 5.0;
				TARGETED_DEVICE_FAMILY = "1,2";
			};
			name = Release;
		};
		C1A38DBD282153910037A1D5 /* Debug */ = {
			isa = XCBuildConfiguration;
			baseConfigurationReference = 011A14F8AC11135A996BD765 /* Pods-UsersTests.debug.xcconfig */;
			buildSettings = {
				BUNDLE_LOADER = "$(TEST_HOST)";
				CODE_SIGN_STYLE = Automatic;
				CURRENT_PROJECT_VERSION = 1;
				DEVELOPMENT_TEAM = 6Y4YSK5BF4;
				GENERATE_INFOPLIST_FILE = YES;
				HEADER_SEARCH_PATHS = (
					"$(inherited)",
					"\"${SRCROOT}/Pods/Firebase/CoreOnly/Sources\"",
				);
				LD_RUNPATH_SEARCH_PATHS = (
					"$(inherited)",
					"@executable_path/Frameworks",
					"@loader_path/Frameworks",
				);
				MARKETING_VERSION = 1.0;
				PRODUCT_BUNDLE_IDENTIFIER = com.nikolaAndrijasevic.UsersTests;
				PRODUCT_NAME = "$(TARGET_NAME)";
				SWIFT_EMIT_LOC_STRINGS = NO;
				SWIFT_VERSION = 5.0;
				TARGETED_DEVICE_FAMILY = "1,2";
				TEST_HOST = "$(BUILT_PRODUCTS_DIR)/MyFirebase.app/MyFirebase";
			};
			name = Debug;
		};
		C1A38DBE282153910037A1D5 /* Release */ = {
			isa = XCBuildConfiguration;
			baseConfigurationReference = 1524817F5BAE8EF4DFA33317 /* Pods-UsersTests.release.xcconfig */;
			buildSettings = {
				BUNDLE_LOADER = "$(TEST_HOST)";
				CODE_SIGN_STYLE = Automatic;
				CURRENT_PROJECT_VERSION = 1;
				DEVELOPMENT_TEAM = 6Y4YSK5BF4;
				GENERATE_INFOPLIST_FILE = YES;
				HEADER_SEARCH_PATHS = (
					"$(inherited)",
					"\"${SRCROOT}/Pods/Firebase/CoreOnly/Sources\"",
				);
				LD_RUNPATH_SEARCH_PATHS = (
					"$(inherited)",
					"@executable_path/Frameworks",
					"@loader_path/Frameworks",
				);
				MARKETING_VERSION = 1.0;
				PRODUCT_BUNDLE_IDENTIFIER = com.nikolaAndrijasevic.UsersTests;
				PRODUCT_NAME = "$(TARGET_NAME)";
				SWIFT_EMIT_LOC_STRINGS = NO;
				SWIFT_VERSION = 5.0;
				TARGETED_DEVICE_FAMILY = "1,2";
				TEST_HOST = "$(BUILT_PRODUCTS_DIR)/MyFirebase.app/MyFirebase";
			};
			name = Release;
		};
/* End XCBuildConfiguration section */

/* Begin XCConfigurationList section */
		C1433380280D991E001A1DB2 /* Build configuration list for PBXNativeTarget "LoginTests" */ = {
			isa = XCConfigurationList;
			buildConfigurations = (
				C1433381280D991E001A1DB2 /* Debug */,
				C1433382280D991E001A1DB2 /* Release */,
			);
			defaultConfigurationIsVisible = 0;
			defaultConfigurationName = Release;
		};
		C16DFC612789DFAD00E7AAB5 /* Build configuration list for PBXProject "MyFirebase" */ = {
			isa = XCConfigurationList;
			buildConfigurations = (
				C16DFC782789DFAF00E7AAB5 /* Debug */,
				C16DFC792789DFAF00E7AAB5 /* Release */,
			);
			defaultConfigurationIsVisible = 0;
			defaultConfigurationName = Release;
		};
		C16DFC7A2789DFAF00E7AAB5 /* Build configuration list for PBXNativeTarget "MyFirebase" */ = {
			isa = XCConfigurationList;
			buildConfigurations = (
				C16DFC7B2789DFAF00E7AAB5 /* Debug */,
				C16DFC7C2789DFAF00E7AAB5 /* Release */,
			);
			defaultConfigurationIsVisible = 0;
			defaultConfigurationName = Release;
		};
		C1A38DBF282153910037A1D5 /* Build configuration list for PBXNativeTarget "UsersTests" */ = {
			isa = XCConfigurationList;
			buildConfigurations = (
				C1A38DBD282153910037A1D5 /* Debug */,
				C1A38DBE282153910037A1D5 /* Release */,
			);
			defaultConfigurationIsVisible = 0;
			defaultConfigurationName = Release;
		};
/* End XCConfigurationList section */
	};
	rootObject = C16DFC5E2789DFAD00E7AAB5 /* Project object */;
}
